
Microsoft Visual Studio Solution File, Format Version 12.00
# Visual Studio Version 17
VisualStudioVersion = 17.4.33213.308
MinimumVisualStudioVersion = 10.0.40219.1
Project("{FAE04EC0-301F-11D3-BF4B-00C04F79EFBC}") = "OAPlbPR7", "OAPlbPR7.csproj", "{42B9EDD8-35B0-4ACB-BC98-1D69FE9E2BD9}"
EndProject
Global
	GlobalSection(SolutionConfigurationPlatforms) = preSolution
		Debug|Any CPU = Debug|Any CPU
		Release|Any CPU = Release|Any CPU
	EndGlobalSection
	GlobalSection(ProjectConfigurationPlatforms) = postSolution
		{42B9EDD8-35B0-4ACB-BC98-1D69FE9E2BD9}.Debug|Any CPU.ActiveCfg = Debug|Any CPU
		{42B9EDD8-35B0-4ACB-BC98-1D69FE9E2BD9}.Debug|Any CPU.Build.0 = Debug|Any CPU
		{42B9EDD8-35B0-4ACB-BC98-1D69FE9E2BD9}.Release|Any CPU.ActiveCfg = Release|Any CPU
		{42B9EDD8-35B0-4ACB-BC98-1D69FE9E2BD9}.Release|Any CPU.Build.0 = Release|Any CPU
	EndGlobalSection
	GlobalSection(SolutionProperties) = preSolution
		HideSolutionNode = FALSE
	EndGlobalSection
	GlobalSection(ExtensibilityGlobals) = postSolution
		SolutionGuid = {56A1607D-6D4B-4F28-8D89-96A71D9BE784}
	EndGlobalSection
EndGlobal
